
Microsoft Visual Studio Solution File, Format Version 12.00
# Visual Studio 2012
Project("{FAE04EC0-301F-11D3-BF4B-00C04F79EFBC}") = "Medical", "Medical\Medical.csproj", "{44D0A899-1BD4-4797-8809-C5A3305758DF}"
EndProject
Global
	GlobalSection(SolutionConfigurationPlatforms) = preSolution
		Debug|Any CPU = Debug|Any CPU
		Release|Any CPU = Release|Any CPU
	EndGlobalSection
	GlobalSection(ProjectConfigurationPlatforms) = postSolution
		{44D0A899-1BD4-4797-8809-C5A3305758DF}.Debug|Any CPU.ActiveCfg = Debug|Any CPU
		{44D0A899-1BD4-4797-8809-C5A3305758DF}.Debug|Any CPU.Build.0 = Debug|Any CPU
		{44D0A899-1BD4-4797-8809-C5A3305758DF}.Release|Any CPU.ActiveCfg = Release|Any CPU
		{44D0A899-1BD4-4797-8809-C5A3305758DF}.Release|Any CPU.Build.0 = Release|Any CPU
	EndGlobalSection
	GlobalSection(SolutionProperties) = preSolution
		HideSolutionNode = FALSE
	EndGlobalSection
EndGlobal
